
Microsoft Visual Studio Solution File, Format Version 12.00
# Visual Studio 15
VisualStudioVersion = 15.0.27703.2047
MinimumVisualStudioVersion = 10.0.40219.1
Project("{FAE04EC0-301F-11D3-BF4B-00C04F79EFBC}") = "SalesManager.Web", "SalesManager.Web\SalesManager.Web.csproj", "{2E27AE56-A97E-4B8F-BD48-EB78DB480F99}"
EndProject
Project("{FAE04EC0-301F-11D3-BF4B-00C04F79EFBC}") = "SalesManager.Models", "SalesManager.Models\SalesManager.Models.csproj", "{042075B2-96E2-4086-9970-7FC91B9E4876}"
EndProject
Project("{FAE04EC0-301F-11D3-BF4B-00C04F79EFBC}") = "SalesManager.Entities", "SalesManager.Entities\SalesManager.Entities.csproj", "{2B043A97-C6AC-4FBE-8400-03F4F1C2DDF2}"
EndProject
Project("{FAE04EC0-301F-11D3-BF4B-00C04F79EFBC}") = "SalesManager.Core", "SalesManager.Core\SalesManager.Core.csproj", "{BF1F62BF-EC70-421C-9E43-3C9F4F6E28BC}"
EndProject
Global
	GlobalSection(SolutionConfigurationPlatforms) = preSolution
		Debug|Any CPU = Debug|Any CPU
		Release|Any CPU = Release|Any CPU
	EndGlobalSection
	GlobalSection(ProjectConfigurationPlatforms) = postSolution
		{2E27AE56-A97E-4B8F-BD48-EB78DB480F99}.Debug|Any CPU.ActiveCfg = Debug|Any CPU
		{2E27AE56-A97E-4B8F-BD48-EB78DB480F99}.Debug|Any CPU.Build.0 = Debug|Any CPU
		{2E27AE56-A97E-4B8F-BD48-EB78DB480F99}.Release|Any CPU.ActiveCfg = Release|Any CPU
		{2E27AE56-A97E-4B8F-BD48-EB78DB480F99}.Release|Any CPU.Build.0 = Release|Any CPU
		{042075B2-96E2-4086-9970-7FC91B9E4876}.Debug|Any CPU.ActiveCfg = Debug|Any CPU
		{042075B2-96E2-4086-9970-7FC91B9E4876}.Debug|Any CPU.Build.0 = Debug|Any CPU
		{042075B2-96E2-4086-9970-7FC91B9E4876}.Release|Any CPU.ActiveCfg = Release|Any CPU
		{042075B2-96E2-4086-9970-7FC91B9E4876}.Release|Any CPU.Build.0 = Release|Any CPU
		{2B043A97-C6AC-4FBE-8400-03F4F1C2DDF2}.Debug|Any CPU.ActiveCfg = Debug|Any CPU
		{2B043A97-C6AC-4FBE-8400-03F4F1C2DDF2}.Debug|Any CPU.Build.0 = Debug|Any CPU
		{2B043A97-C6AC-4FBE-8400-03F4F1C2DDF2}.Release|Any CPU.ActiveCfg = Release|Any CPU
		{2B043A97-C6AC-4FBE-8400-03F4F1C2DDF2}.Release|Any CPU.Build.0 = Release|Any CPU
		{BF1F62BF-EC70-421C-9E43-3C9F4F6E28BC}.Debug|Any CPU.ActiveCfg = Debug|Any CPU
		{BF1F62BF-EC70-421C-9E43-3C9F4F6E28BC}.Debug|Any CPU.Build.0 = Debug|Any CPU
		{BF1F62BF-EC70-421C-9E43-3C9F4F6E28BC}.Release|Any CPU.ActiveCfg = Release|Any CPU
		{BF1F62BF-EC70-421C-9E43-3C9F4F6E28BC}.Release|Any CPU.Build.0 = Release|Any CPU
	EndGlobalSection
	GlobalSection(SolutionProperties) = preSolution
		HideSolutionNode = FALSE
	EndGlobalSection
	GlobalSection(ExtensibilityGlobals) = postSolution
		SolutionGuid = {BA15EB09-D044-4975-883A-CA761788165F}
	EndGlobalSection
EndGlobal
